
Microsoft Visual Studio Solution File, Format Version 12.00
# Visual Studio Version 16
VisualStudioVersion = 16.0.33529.622
MinimumVisualStudioVersion = 10.0.40219.1
Project("{FAE04EC0-301F-11D3-BF4B-00C04F79EFBC}") = "WebApplication_WebApi", "WebApplication_WebApi.csproj", "{3B141AFF-F0FC-404E-A5BA-494B5718842C}"
EndProject
Global
	GlobalSection(SolutionConfigurationPlatforms) = preSolution
		Debug|Any CPU = Debug|Any CPU
		Release|Any CPU = Release|Any CPU
	EndGlobalSection
	GlobalSection(ProjectConfigurationPlatforms) = postSolution
		{3B141AFF-F0FC-404E-A5BA-494B5718842C}.Debug|Any CPU.ActiveCfg = Debug|Any CPU
		{3B141AFF-F0FC-404E-A5BA-494B5718842C}.Debug|Any CPU.Build.0 = Debug|Any CPU
		{3B141AFF-F0FC-404E-A5BA-494B5718842C}.Release|Any CPU.ActiveCfg = Release|Any CPU
		{3B141AFF-F0FC-404E-A5BA-494B5718842C}.Release|Any CPU.Build.0 = Release|Any CPU
	EndGlobalSection
	GlobalSection(SolutionProperties) = preSolution
		HideSolutionNode = FALSE
	EndGlobalSection
	GlobalSection(ExtensibilityGlobals) = postSolution
		SolutionGuid = {633B9D2C-112E-4E0B-B8F8-7CCB439259CE}
	EndGlobalSection
EndGlobal
